# This file is automatically @generated by Cargo.
# It is not intended for manual editing.
version = 4

[[package]]
name = "podbox-cli"
version = "0.1.0"
dependencies = [
 "podbox-complete",
 "podbox-enter",
 "podbox-extract",
 "podbox-image",
 "podbox-probe",
 "podbox-supervise",
]

[[package]]
name = "podbox-complete"
version = "0.1.0"

[[package]]
name = "podbox-enter"
version = "0.1.0"

[[package]]
name = "podbox-extract"
version = "0.1.0"

[[package]]
name = "podbox-image"
version = "0.1.0"

[[package]]
name = "podbox-probe"
version = "0.1.0"

[[package]]
name = "podbox-supervise"
version = "0.1.0"
